
Microsoft Visual Studio Solution File, Format Version 12.00
# Visual Studio Version 17
VisualStudioVersion = 17.11.35303.130
MinimumVisualStudioVersion = 10.0.40219.1
Project("{9A19103F-16F7-4668-BE54-9A1E7A4F7556}") = "APITestAutomation", "TestProject2\APITestAutomation.csproj", "{56B0D69A-4358-409A-923E-923FDE0DDC8B}"
EndProject
Global
	GlobalSection(SolutionConfigurationPlatforms) = preSolution
		Debug|Any CPU = Debug|Any CPU
		Release|Any CPU = Release|Any CPU
	EndGlobalSection
	GlobalSection(ProjectConfigurationPlatforms) = postSolution
		{56B0D69A-4358-409A-923E-923FDE0DDC8B}.Debug|Any CPU.ActiveCfg = Debug|Any CPU
		{56B0D69A-4358-409A-923E-923FDE0DDC8B}.Debug|Any CPU.Build.0 = Debug|Any CPU
		{56B0D69A-4358-409A-923E-923FDE0DDC8B}.Release|Any CPU.ActiveCfg = Release|Any CPU
		{56B0D69A-4358-409A-923E-923FDE0DDC8B}.Release|Any CPU.Build.0 = Release|Any CPU
	EndGlobalSection
	GlobalSection(SolutionProperties) = preSolution
		HideSolutionNode = FALSE
	EndGlobalSection
	GlobalSection(ExtensibilityGlobals) = postSolution
		SolutionGuid = {47D52C30-FD3C-449E-8952-70AA568A2046}
	EndGlobalSection
EndGlobal
